// !$*UTF8*$!
{
	archiveVersion = 1;
	classes = {
	};
	objectVersion = 48;
	objects = {

/* Begin PBXBuildFile section */
		7F1C3E2F1F96F1330072BB7F /* AppDelegate.swift in Sources */ = {isa = PBXBuildFile; fileRef = 7F1C3E2E1F96F1330072BB7F /* AppDelegate.swift */; };
		7F1C3E311F96F1330072BB7F /* ViewController.swift in Sources */ = {isa = PBXBuildFile; fileRef = 7F1C3E301F96F1330072BB7F /* ViewController.swift */; };
		7F1C3E341F96F1330072BB7F /* Main.storyboard in Resources */ = {isa = PBXBuildFile; fileRef = 7F1C3E321F96F1330072BB7F /* Main.storyboard */; };
		7F1C3E361F96F1330072BB7F /* Assets.xcassets in Resources */ = {isa = PBXBuildFile; fileRef = 7F1C3E351F96F1330072BB7F /* Assets.xcassets */; };
		7F1C3E391F96F1330072BB7F /* LaunchScreen.storyboard in Resources */ = {isa = PBXBuildFile; fileRef = 7F1C3E371F96F1330072BB7F /* LaunchScreen.storyboard */; };
		7F1C3E411F96F23D0072BB7F /* ApiService.swift in Sources */ = {isa = PBXBuildFile; fileRef = 7F1C3E401F96F23D0072BB7F /* ApiService.swift */; };
		7F3BC7DF1F975CB2004756CA /* Extension.swift in Sources */ = {isa = PBXBuildFile; fileRef = 7F3BC7DE1F975CB2004756CA /* Extension.swift */; };
		7F502EE91F98842A0072A180 /* ListAccount.plist in Resources */ = {isa = PBXBuildFile; fileRef = 7F502EE81F9884290072A180 /* ListAccount.plist */; };
		7F8AEE5C1F988665005D6E59 /* LoginView.swift in Sources */ = {isa = PBXBuildFile; fileRef = 7F8AEE5A1F988665005D6E59 /* LoginView.swift */; };
		7F8AEE5D1F988665005D6E59 /* LoginView.xib in Resources */ = {isa = PBXBuildFile; fileRef = 7F8AEE5B1F988665005D6E59 /* LoginView.xib */; };
		B8B7357F4E3951964F2826E7 /* Pods_SAMI_LOTTERY.framework in Frameworks */ = {isa = PBXBuildFile; fileRef = 901A48DF896733F9C9D4AE38 /* Pods_SAMI_LOTTERY.framework */; };
/* End PBXBuildFile section */

/* Begin PBXFileReference section */
		7F1C3E2B1F96F1330072BB7F /* SAMI-LOTTERY.app */ = {isa = PBXFileReference; explicitFileType = wrapper.application; includeInIndex = 0; path = "SAMI-LOTTERY.app"; sourceTree = BUILT_PRODUCTS_DIR; };
		7F1C3E2E1F96F1330072BB7F /* AppDelegate.swift */ = {isa = PBXFileReference; lastKnownFileType = sourcecode.swift; path = AppDelegate.swift; sourceTree = "<group>"; };
		7F1C3E301F96F1330072BB7F /* ViewController.swift */ = {isa = PBXFileReference; lastKnownFileType = sourcecode.swift; path = ViewController.swift; sourceTree = "<group>"; };
		7F1C3E331F96F1330072BB7F /* Base */ = {isa = PBXFileReference; lastKnownFileType = file.storyboard; name = Base; path = Base.lproj/Main.storyboard; sourceTree = "<group>"; };
		7F1C3E351F96F1330072BB7F /* Assets.xcassets */ = {isa = PBXFileReference; lastKnownFileType = folder.assetcatalog; path = Assets.xcassets; sourceTree = "<group>"; };
		7F1C3E381F96F1330072BB7F /* Base */ = {isa = PBXFileReference; lastKnownFileType = file.storyboard; name = Base; path = Base.lproj/LaunchScreen.storyboard; sourceTree = "<group>"; };
		7F1C3E3A1F96F1330072BB7F /* Info.plist */ = {isa = PBXFileReference; lastKnownFileType = text.plist.xml; path = Info.plist; sourceTree = "<group>"; };
		7F1C3E401F96F23D0072BB7F /* ApiService.swift */ = {isa = PBXFileReference; lastKnownFileType = sourcecode.swift; path = ApiService.swift; sourceTree = "<group>"; };
		7F3BC7DE1F975CB2004756CA /* Extension.swift */ = {isa = PBXFileReference; lastKnownFileType = sourcecode.swift; path = Extension.swift; sourceTree = "<group>"; };
		7F502EE81F9884290072A180 /* ListAccount.plist */ = {isa = PBXFileReference; lastKnownFileType = text.plist.xml; path = ListAccount.plist; sourceTree = "<group>"; };
		7F8AEE5A1F988665005D6E59 /* LoginView.swift */ = {isa = PBXFileReference; lastKnownFileType = sourcecode.swift; path = LoginView.swift; sourceTree = "<group>"; };
		7F8AEE5B1F988665005D6E59 /* LoginView.xib */ = {isa = PBXFileReference; lastKnownFileType = file.xib; path = LoginView.xib; sourceTree = "<group>"; };
		8180A22B0A0B79C7ACB66BCA /* Pods-SAMI-LOTTERY.debug.xcconfig */ = {isa = PBXFileReference; includeInIndex = 1; lastKnownFileType = text.xcconfig; name = "Pods-SAMI-LOTTERY.debug.xcconfig"; path = "Pods/Target Support Files/Pods-SAMI-LOTTERY/Pods-SAMI-LOTTERY.debug.xcconfig"; sourceTree = "<group>"; };
		901A48DF896733F9C9D4AE38 /* Pods_SAMI_LOTTERY.framework */ = {isa = PBXFileReference; explicitFileType = wrapper.framework; includeInIndex = 0; path = Pods_SAMI_LOTTERY.framework; sourceTree = BUILT_PRODUCTS_DIR; };
		FEFE7B78DFD04BDE5EDF593C /* Pods-SAMI-LOTTERY.release.xcconfig */ = {isa = PBXFileReference; includeInIndex = 1; lastKnownFileType = text.xcconfig; name = "Pods-SAMI-LOTTERY.release.xcconfig"; path = "Pods/Target Support Files/Pods-SAMI-LOTTERY/Pods-SAMI-LOTTERY.release.xcconfig"; sourceTree = "<group>"; };
/* End PBXFileReference section */

/* Begin PBXFrameworksBuildPhase section */
		7F1C3E281F96F1330072BB7F /* Frameworks */ = {
			isa = PBXFrameworksBuildPhase;
			buildActionMask = 2147483647;
			files = (
				B8B7357F4E3951964F2826E7 /* Pods_SAMI_LOTTERY.framework in Frameworks */,
			);
			runOnlyForDeploymentPostprocessing = 0;
		};
/* End PBXFrameworksBuildPhase section */

/* Begin PBXGroup section */
		17716DE19B519E1E39396B2F /* Frameworks */ = {
			isa = PBXGroup;
			children = (
				901A48DF896733F9C9D4AE38 /* Pods_SAMI_LOTTERY.framework */,
			);
			name = Frameworks;
			sourceTree = "<group>";
		};
		1A0FA7BCDA0FC0C2F8A48733 /* Pods */ = {
			isa = PBXGroup;
			children = (
				8180A22B0A0B79C7ACB66BCA /* Pods-SAMI-LOTTERY.debug.xcconfig */,
				FEFE7B78DFD04BDE5EDF593C /* Pods-SAMI-LOTTERY.release.xcconfig */,
			);
			name = Pods;
			sourceTree = "<group>";
		};
		7F1C3E221F96F1330072BB7F = {
			isa = PBXGroup;
			children = (
				7F1C3E2D1F96F1330072BB7F /* SAMI-LOTTERY */,
				7F1C3E2C1F96F1330072BB7F /* Products */,
				1A0FA7BCDA0FC0C2F8A48733 /* Pods */,
				17716DE19B519E1E39396B2F /* Frameworks */,
			);
			sourceTree = "<group>";
		};
		7F1C3E2C1F96F1330072BB7F /* Products */ = {
			isa = PBXGroup;
			children = (
				7F1C3E2B1F96F1330072BB7F /* SAMI-LOTTERY.app */,
			);
			name = Products;
			sourceTree = "<group>";
		};
		7F1C3E2D1F96F1330072BB7F /* SAMI-LOTTERY */ = {
			isa = PBXGroup;
			children = (
				7F1C3E2E1F96F1330072BB7F /* AppDelegate.swift */,
				7F1C3E401F96F23D0072BB7F /* ApiService.swift */,
				7F1C3E301F96F1330072BB7F /* ViewController.swift */,
				7F8AEE5A1F988665005D6E59 /* LoginView.swift */,
				7F8AEE5B1F988665005D6E59 /* LoginView.xib */,
				7F3BC7DE1F975CB2004756CA /* Extension.swift */,
				7F1C3E321F96F1330072BB7F /* Main.storyboard */,
				7F1C3E351F96F1330072BB7F /* Assets.xcassets */,
				7F1C3E371F96F1330072BB7F /* LaunchScreen.storyboard */,
				7F1C3E3A1F96F1330072BB7F /* Info.plist */,
				7F502EE81F9884290072A180 /* ListAccount.plist */,
			);
			path = "SAMI-LOTTERY";
			sourceTree = "<group>";
		};
/* End PBXGroup section */

/* Begin PBXNativeTarget section */
		7F1C3E2A1F96F1330072BB7F /* SAMI-LOTTERY */ = {
			isa = PBXNativeTarget;
			buildConfigurationList = 7F1C3E3D1F96F1330072BB7F /* Build configuration list for PBXNativeTarget "SAMI-LOTTERY" */;
			buildPhases = (
				8C5DEAEE69A32303B6E39E3D /* [CP] Check Pods Manifest.lock */,
				7F1C3E271F96F1330072BB7F /* Sources */,
				7F1C3E281F96F1330072BB7F /* Frameworks */,
				7F1C3E291F96F1330072BB7F /* Resources */,
				5105873E965C5CD2F848B7AB /* [CP] Embed Pods Frameworks */,
				1072EB5ED8929F2F71EEFF45 /* [CP] Copy Pods Resources */,
			);
			buildRules = (
			);
			dependencies = (
			);
			name = "SAMI-LOTTERY";
			productName = "SAMI-LOTTERY";
			productReference = 7F1C3E2B1F96F1330072BB7F /* SAMI-LOTTERY.app */;
			productType = "com.apple.product-type.application";
		};
/* End PBXNativeTarget section */

/* Begin PBXProject section */
		7F1C3E231F96F1330072BB7F /* Project object */ = {
			isa = PBXProject;
			attributes = {
				LastSwiftUpdateCheck = 0900;
				LastUpgradeCheck = 0900;
				ORGANIZATIONNAME = "Nguyễn Khoa";
				TargetAttributes = {
					7F1C3E2A1F96F1330072BB7F = {
						CreatedOnToolsVersion = 9.0;
						ProvisioningStyle = Automatic;
					};
				};
			};
			buildConfigurationList = 7F1C3E261F96F1330072BB7F /* Build configuration list for PBXProject "SAMI-LOTTERY" */;
			compatibilityVersion = "Xcode 8.0";
			developmentRegion = en;
			hasScannedForEncodings = 0;
			knownRegions = (
				en,
				Base,
			);
			mainGroup = 7F1C3E221F96F1330072BB7F;
			productRefGroup = 7F1C3E2C1F96F1330072BB7F /* Products */;
			projectDirPath = "";
			projectRoot = "";
			targets = (
				7F1C3E2A1F96F1330072BB7F /* SAMI-LOTTERY */,
			);
		};
/* End PBXProject section */

/* Begin PBXResourcesBuildPhase section */
		7F1C3E291F96F1330072BB7F /* Resources */ = {
			isa = PBXResourcesBuildPhase;
			buildActionMask = 2147483647;
			files = (
				7F502EE91F98842A0072A180 /* ListAccount.plist in Resources */,
				7F1C3E391F96F1330072BB7F /* LaunchScreen.storyboard in Resources */,
				7F1C3E361F96F1330072BB7F /* Assets.xcassets in Resources */,
				7F8AEE5D1F988665005D6E59 /* LoginView.xib in Resources */,
				7F1C3E341F96F1330072BB7F /* Main.storyboard in Resources */,
			);
			runOnlyForDeploymentPostprocessing = 0;
		};
/* End PBXResourcesBuildPhase section */

/* Begin PBXShellScriptBuildPhase section */
		1072EB5ED8929F2F71EEFF45 /* [CP] Copy Pods Resources */ = {
			isa = PBXShellScriptBuildPhase;
			buildActionMask = 2147483647;
			files = (
			);
			inputPaths = (
			);
			name = "[CP] Copy Pods Resources";
			outputPaths = (
			);
			runOnlyForDeploymentPostprocessing = 0;
			shellPath = /bin/sh;
			shellScript = "\"${SRCROOT}/Pods/Target Support Files/Pods-SAMI-LOTTERY/Pods-SAMI-LOTTERY-resources.sh\"\n";
			showEnvVarsInLog = 0;
		};
		5105873E965C5CD2F848B7AB /* [CP] Embed Pods Frameworks */ = {
			isa = PBXShellScriptBuildPhase;
			buildActionMask = 2147483647;
			files = (
			);
			inputPaths = (
			);
			name = "[CP] Embed Pods Frameworks";
			outputPaths = (
			);
			runOnlyForDeploymentPostprocessing = 0;
			shellPath = /bin/sh;
			shellScript = "\"${SRCROOT}/Pods/Target Support Files/Pods-SAMI-LOTTERY/Pods-SAMI-LOTTERY-frameworks.sh\"\n";
			showEnvVarsInLog = 0;
		};
		8C5DEAEE69A32303B6E39E3D /* [CP] Check Pods Manifest.lock */ = {
			isa = PBXShellScriptBuildPhase;
			buildActionMask = 2147483647;
			files = (
			);
			inputPaths = (
			);
			name = "[CP] Check Pods Manifest.lock";
			outputPaths = (
			);
			runOnlyForDeploymentPostprocessing = 0;
			shellPath = /bin/sh;
			shellScript = "diff \"${PODS_ROOT}/../Podfile.lock\" \"${PODS_ROOT}/Manifest.lock\" > /dev/null\nif [ $? != 0 ] ; then\n    # print error to STDERR\n    echo \"error: The sandbox is not in sync with the Podfile.lock. Run 'pod install' or update your CocoaPods installation.\" >&2\n    exit 1\nfi\n";
			showEnvVarsInLog = 0;
		};
/* End PBXShellScriptBuildPhase section */

/* Begin PBXSourcesBuildPhase section */
		7F1C3E271F96F1330072BB7F /* Sources */ = {
			isa = PBXSourcesBuildPhase;
			buildActionMask = 2147483647;
			files = (
				7F1C3E311F96F1330072BB7F /* ViewController.swift in Sources */,
				7F1C3E2F1F96F1330072BB7F /* AppDelegate.swift in Sources */,
				7F1C3E411F96F23D0072BB7F /* ApiService.swift in Sources */,
				7F8AEE5C1F988665005D6E59 /* LoginView.swift in Sources */,
				7F3BC7DF1F975CB2004756CA /* Extension.swift in Sources */,
			);
			runOnlyForDeploymentPostprocessing = 0;
		};
/* End PBXSourcesBuildPhase section */

/* Begin PBXVariantGroup section */
		7F1C3E321F96F1330072BB7F /* Main.storyboard */ = {
			isa = PBXVariantGroup;
			children = (
				7F1C3E331F96F1330072BB7F /* Base */,
			);
			name = Main.storyboard;
			sourceTree = "<group>";
		};
		7F1C3E371F96F1330072BB7F /* LaunchScreen.storyboard */ = {
			isa = PBXVariantGroup;
			children = (
				7F1C3E381F96F1330072BB7F /* Base */,
			);
			name = LaunchScreen.storyboard;
			sourceTree = "<group>";
		};
/* End PBXVariantGroup section */

/* Begin XCBuildConfiguration section */
		7F1C3E3B1F96F1330072BB7F /* Debug */ = {
			isa = XCBuildConfiguration;
			buildSettings = {
				ALWAYS_SEARCH_USER_PATHS = NO;
				CLANG_ANALYZER_NONNULL = YES;
				CLANG_ANALYZER_NUMBER_OBJECT_CONVERSION = YES_AGGRESSIVE;
				CLANG_CXX_LANGUAGE_STANDARD = "gnu++14";
				CLANG_CXX_LIBRARY = "libc++";
				CLANG_ENABLE_MODULES = YES;
				CLANG_ENABLE_OBJC_ARC = YES;
				CLANG_WARN_BLOCK_CAPTURE_AUTORELEASING = YES;
				CLANG_WARN_BOOL_CONVERSION = YES;
				CLANG_WARN_COMMA = YES;
				CLANG_WARN_CONSTANT_CONVERSION = YES;
				CLANG_WARN_DIRECT_OBJC_ISA_USAGE = YES_ERROR;
				CLANG_WARN_DOCUMENTATION_COMMENTS = YES;
				CLANG_WARN_EMPTY_BODY = YES;
				CLANG_WARN_ENUM_CONVERSION = YES;
				CLANG_WARN_INFINITE_RECURSION = YES;
				CLANG_WARN_INT_CONVERSION = YES;
				CLANG_WARN_NON_LITERAL_NULL_CONVERSION = YES;
				CLANG_WARN_OBJC_LITERAL_CONVERSION = YES;
				CLANG_WARN_OBJC_ROOT_CLASS = YES_ERROR;
				CLANG_WARN_RANGE_LOOP_ANALYSIS = YES;
				CLANG_WARN_STRICT_PROTOTYPES = YES;
				CLANG_WARN_SUSPICIOUS_MOVE = YES;
				CLANG_WARN_UNGUARDED_AVAILABILITY = YES_AGGRESSIVE;
				CLANG_WARN_UNREACHABLE_CODE = YES;
				CLANG_WARN__DUPLICATE_METHOD_MATCH = YES;
				CODE_SIGN_IDENTITY = "iPhone Developer";
				COPY_PHASE_STRIP = NO;
				DEBUG_INFORMATION_FORMAT = dwarf;
				ENABLE_STRICT_OBJC_MSGSEND = YES;
				ENABLE_TESTABILITY = YES;
				GCC_C_LANGUAGE_STANDARD = gnu11;
				GCC_DYNAMIC_NO_PIC = NO;
				GCC_NO_COMMON_BLOCKS = YES;
				GCC_OPTIMIZATION_LEVEL = 0;
				GCC_PREPROCESSOR_DEFINITIONS = (
					"DEBUG=1",
					"$(inherited)",
				);
				GCC_WARN_64_TO_32_BIT_CONVERSION = YES;
				GCC_WARN_ABOUT_RETURN_TYPE = YES_ERROR;
				GCC_WARN_UNDECLARED_SELECTOR = YES;
				GCC_WARN_UNINITIALIZED_AUTOS = YES_AGGRESSIVE;
				GCC_WARN_UNUSED_FUNCTION = YES;
				GCC_WARN_UNUSED_VARIABLE = YES;
				IPHONEOS_DEPLOYMENT_TARGET = 11.0;
				MTL_ENABLE_DEBUG_INFO = YES;
				ONLY_ACTIVE_ARCH = YES;
				SDKROOT = iphoneos;
				SWIFT_ACTIVE_COMPILATION_CONDITIONS = DEBUG;
				SWIFT_OPTIMIZATION_LEVEL = "-Onone";
			};
			name = Debug;
		};
		7F1C3E3C1F96F1330072BB7F /* Release */ = {
			isa = XCBuildConfiguration;
			buildSettings = {
				ALWAYS_SEARCH_USER_PATHS = NO;
				CLANG_ANALYZER_NONNULL = YES;
				CLANG_ANALYZER_NUMBER_OBJECT_CONVERSION = YES_AGGRESSIVE;
				CLANG_CXX_LANGUAGE_STANDARD = "gnu++14";
				CLANG_CXX_LIBRARY = "libc++";
				CLANG_ENABLE_MODULES = YES;
				CLANG_ENABLE_OBJC_ARC = YES;
				CLANG_WARN_BLOCK_CAPTURE_AUTORELEASING = YES;
				CLANG_WARN_BOOL_CONVERSION = YES;
				CLANG_WARN_COMMA = YES;
				CLANG_WARN_CONSTANT_CONVERSION = YES;
				CLANG_WARN_DIRECT_OBJC_ISA_USAGE = YES_ERROR;
				CLANG_WARN_DOCUMENTATION_COMMENTS = YES;
				CLANG_WARN_EMPTY_BODY = YES;
				CLANG_WARN_ENUM_CONVERSION = YES;
				CLANG_WARN_INFINITE_RECURSION = YES;
				CLANG_WARN_INT_CONVERSION = YES;
				CLANG_WARN_NON_LITERAL_NULL_CONVERSION = YES;
				CLANG_WARN_OBJC_LITERAL_CONVERSION = YES;
				CLANG_WARN_OBJC_ROOT_CLASS = YES_ERROR;
				CLANG_WARN_RANGE_LOOP_ANALYSIS = YES;
				CLANG_WARN_STRICT_PROTOTYPES = YES;
				CLANG_WARN_SUSPICIOUS_MOVE = YES;
				CLANG_WARN_UNGUARDED_AVAILABILITY = YES_AGGRESSIVE;
				CLANG_WARN_UNREACHABLE_CODE = YES;
				CLANG_WARN__DUPLICATE_METHOD_MATCH = YES;
				CODE_SIGN_IDENTITY = "iPhone Developer";
				COPY_PHASE_STRIP = NO;
				DEBUG_INFORMATION_FORMAT = "dwarf-with-dsym";
				ENABLE_NS_ASSERTIONS = NO;
				ENABLE_STRICT_OBJC_MSGSEND = YES;
				GCC_C_LANGUAGE_STANDARD = gnu11;
				GCC_NO_COMMON_BLOCKS = YES;
				GCC_WARN_64_TO_32_BIT_CONVERSION = YES;
				GCC_WARN_ABOUT_RETURN_TYPE = YES_ERROR;
				GCC_WARN_UNDECLARED_SELECTOR = YES;
				GCC_WARN_UNINITIALIZED_AUTOS = YES_AGGRESSIVE;
				GCC_WARN_UNUSED_FUNCTION = YES;
				GCC_WARN_UNUSED_VARIABLE = YES;
				IPHONEOS_DEPLOYMENT_TARGET = 11.0;
				MTL_ENABLE_DEBUG_INFO = NO;
				SDKROOT = iphoneos;
				SWIFT_OPTIMIZATION_LEVEL = "-Owholemodule";
				VALIDATE_PRODUCT = YES;
			};
			name = Release;
		};
		7F1C3E3E1F96F1330072BB7F /* Debug */ = {
			isa = XCBuildConfiguration;
			baseConfigurationReference = 8180A22B0A0B79C7ACB66BCA /* Pods-SAMI-LOTTERY.debug.xcconfig */;
			buildSettings = {
				ASSETCATALOG_COMPILER_APPICON_NAME = AppIcon;
				CODE_SIGN_STYLE = Automatic;
				DEVELOPMENT_TEAM = 494BPH97M7;
				INFOPLIST_FILE = "SAMI-LOTTERY/Info.plist";
				LD_RUNPATH_SEARCH_PATHS = "$(inherited) @executable_path/Frameworks";
				PRODUCT_BUNDLE_IDENTIFIER = "com.SAMI-LOTTERY";
				PRODUCT_NAME = "$(TARGET_NAME)";
				SWIFT_VERSION = 4.0;
				TARGETED_DEVICE_FAMILY = "1,2";
			};
			name = Debug;
		};
		7F1C3E3F1F96F1330072BB7F /* Release */ = {
			isa = XCBuildConfiguration;
			baseConfigurationReference = FEFE7B78DFD04BDE5EDF593C /* Pods-SAMI-LOTTERY.release.xcconfig */;
			buildSettings = {
				ASSETCATALOG_COMPILER_APPICON_NAME = AppIcon;
				CODE_SIGN_STYLE = Automatic;
				DEVELOPMENT_TEAM = 494BPH97M7;
				INFOPLIST_FILE = "SAMI-LOTTERY/Info.plist";
				LD_RUNPATH_SEARCH_PATHS = "$(inherited) @executable_path/Frameworks";
				PRODUCT_BUNDLE_IDENTIFIER = "com.SAMI-LOTTERY";
				PRODUCT_NAME = "$(TARGET_NAME)";
				SWIFT_VERSION = 4.0;
				TARGETED_DEVICE_FAMILY = "1,2";
			};
			name = Release;
		};
/* End XCBuildConfiguration section */

/* Begin XCConfigurationList section */
		7F1C3E261F96F1330072BB7F /* Build configuration list for PBXProject "SAMI-LOTTERY" */ = {
			isa = XCConfigurationList;
			buildConfigurations = (
				7F1C3E3B1F96F1330072BB7F /* Debug */,
				7F1C3E3C1F96F1330072BB7F /* Release */,
			);
			defaultConfigurationIsVisible = 0;
			defaultConfigurationName = Release;
		};
		7F1C3E3D1F96F1330072BB7F /* Build configuration list for PBXNativeTarget "SAMI-LOTTERY" */ = {
			isa = XCConfigurationList;
			buildConfigurations = (
				7F1C3E3E1F96F1330072BB7F /* Debug */,
				7F1C3E3F1F96F1330072BB7F /* Release */,
			);
			defaultConfigurationIsVisible = 0;
			defaultConfigurationName = Release;
		};
/* End XCConfigurationList section */
	};
	rootObject = 7F1C3E231F96F1330072BB7F /* Project object */;
}
